
Microsoft Visual Studio Solution File, Format Version 12.00
# Visual Studio 14
VisualStudioVersion = 14.0.25420.1
MinimumVisualStudioVersion = 10.0.40219.1
Project("{FAE04EC0-301F-11D3-BF4B-00C04F79EFBC}") = "ConsoleApplication", "ConsoleApplication\ConsoleApplication.csproj", "{724BB132-9BF2-4C6B-81E1-D46C9B6C645E}"
EndProject
Project("{FAE04EC0-301F-11D3-BF4B-00C04F79EFBC}") = "ConsoleApplicationTests", "ConsoleApplicationTests\ConsoleApplicationTests.csproj", "{D54952C6-5EA8-4C16-9AD3-F12078499A2D}"
EndProject
Global
	GlobalSection(SolutionConfigurationPlatforms) = preSolution
		Debug|Any CPU = Debug|Any CPU
		Release|Any CPU = Release|Any CPU
	EndGlobalSection
	GlobalSection(ProjectConfigurationPlatforms) = postSolution
		{724BB132-9BF2-4C6B-81E1-D46C9B6C645E}.Debug|Any CPU.ActiveCfg = Debug|Any CPU
		{724BB132-9BF2-4C6B-81E1-D46C9B6C645E}.Debug|Any CPU.Build.0 = Debug|Any CPU
		{724BB132-9BF2-4C6B-81E1-D46C9B6C645E}.Release|Any CPU.ActiveCfg = Release|Any CPU
		{724BB132-9BF2-4C6B-81E1-D46C9B6C645E}.Release|Any CPU.Build.0 = Release|Any CPU
		{D54952C6-5EA8-4C16-9AD3-F12078499A2D}.Debug|Any CPU.ActiveCfg = Debug|Any CPU
		{D54952C6-5EA8-4C16-9AD3-F12078499A2D}.Debug|Any CPU.Build.0 = Debug|Any CPU
		{D54952C6-5EA8-4C16-9AD3-F12078499A2D}.Release|Any CPU.ActiveCfg = Release|Any CPU
		{D54952C6-5EA8-4C16-9AD3-F12078499A2D}.Release|Any CPU.Build.0 = Release|Any CPU
	EndGlobalSection
	GlobalSection(SolutionProperties) = preSolution
		HideSolutionNode = FALSE
	EndGlobalSection
EndGlobal
